
Microsoft Visual Studio Solution File, Format Version 12.00
# Visual Studio for Mac
Project("{FAE04EC0-301F-11D3-BF4B-00C04F79EFBC}") = "Assembly-CSharp", "Assembly-CSharp.csproj", "{318A4C47-0A0F-04D2-28E0-9EF21DA3971D}"
EndProject
Project("{FAE04EC0-301F-11D3-BF4B-00C04F79EFBC}") = "Assembly-CSharp-firstpass", "Assembly-CSharp-firstpass.csproj", "{8FEB267F-215D-FF33-CEE3-E22C01350AB4}"
EndProject
Project("{FAE04EC0-301F-11D3-BF4B-00C04F79EFBC}") = "Assembly-CSharp-Editor", "Assembly-CSharp-Editor.csproj", "{2BC06BBD-9EA8-8EB9-F6EA-614B79C5B7D3}"
EndProject
Global
	GlobalSection(SolutionConfigurationPlatforms) = preSolution
		Debug|Any CPU = Debug|Any CPU
		Release|Any CPU = Release|Any CPU
	EndGlobalSection
	GlobalSection(ProjectConfigurationPlatforms) = postSolution
		{318A4C47-0A0F-04D2-28E0-9EF21DA3971D}.Debug|Any CPU.ActiveCfg = Debug|Any CPU
		{318A4C47-0A0F-04D2-28E0-9EF21DA3971D}.Debug|Any CPU.Build.0 = Debug|Any CPU
		{318A4C47-0A0F-04D2-28E0-9EF21DA3971D}.Release|Any CPU.ActiveCfg = Release|Any CPU
		{318A4C47-0A0F-04D2-28E0-9EF21DA3971D}.Release|Any CPU.Build.0 = Release|Any CPU
		{8FEB267F-215D-FF33-CEE3-E22C01350AB4}.Debug|Any CPU.ActiveCfg = Debug|Any CPU
		{8FEB267F-215D-FF33-CEE3-E22C01350AB4}.Debug|Any CPU.Build.0 = Debug|Any CPU
		{8FEB267F-215D-FF33-CEE3-E22C01350AB4}.Release|Any CPU.ActiveCfg = Release|Any CPU
		{8FEB267F-215D-FF33-CEE3-E22C01350AB4}.Release|Any CPU.Build.0 = Release|Any CPU
		{2BC06BBD-9EA8-8EB9-F6EA-614B79C5B7D3}.Debug|Any CPU.ActiveCfg = Debug|Any CPU
		{2BC06BBD-9EA8-8EB9-F6EA-614B79C5B7D3}.Debug|Any CPU.Build.0 = Debug|Any CPU
		{2BC06BBD-9EA8-8EB9-F6EA-614B79C5B7D3}.Release|Any CPU.ActiveCfg = Release|Any CPU
		{2BC06BBD-9EA8-8EB9-F6EA-614B79C5B7D3}.Release|Any CPU.Build.0 = Release|Any CPU
	EndGlobalSection
	GlobalSection(SolutionProperties) = preSolution
		HideSolutionNode = FALSE
	EndGlobalSection
EndGlobal
